# THIS IS AN AUTOGENERATED FILE. DO NOT EDIT THIS FILE DIRECTLY.
# yarn lockfile v1


devicon@^2.2.0:
  version "2.2.0"
  resolved "https://registry.yarnpkg.com/devicon/-/devicon-2.2.0.tgz#a19ddc9410f7294fbbe0825fe6259c80681cdb15"
  integrity sha512-u7l8jBcLiaEm5mWHSDTDBPxoAzB9a4YjHiBDIOAVApL0m+eatz3WXNO1eAr8E5QBYzLJtlyIRFEBVtX7xQMhwA==

jquery@^3.5.0:
  version "3.5.0"
  resolved "https://registry.yarnpkg.com/jquery/-/jquery-3.5.0.tgz#9980b97d9e4194611c36530e7dc46a58d7340fc9"
  integrity sha512-Xb7SVYMvygPxbFMpTFQiHh1J7HClEaThguL15N/Gg37Lri/qKyhRGZYzHRyLH8Stq3Aow0LsHO2O2ci86fCrNQ==

slick-carousel@^1.8.1:
  version "1.8.1"
  resolved "https://registry.yarnpkg.com/slick-carousel/-/slick-carousel-1.8.1.tgz#a4bfb29014887bb66ce528b90bd0cda262cc8f8d"
  integrity sha512-XB9Ftrf2EEKfzoQXt3Nitrt/IPbT+f1fgqBdoxO3W/+JYvtEOW6EgxnWfr9GH6nmULv7Y2tPmEX3koxThVmebA==

typed.js@^2.0.11:
  version "2.0.11"
  resolved "https://registry.yarnpkg.com/typed.js/-/typed.js-2.0.11.tgz#d298a91f959f11a3803bf48b841a6fadd29640d9"
  integrity sha512-1ZORHalEyLob34q738mqmwp0pT6syMigB1SZuTItqdhovWBKFIt7I5uVALXAGQZCg2MCtihCt6uqkoqPJK+9iQ==
